
Microsoft Visual Studio Solution File, Format Version 12.00
# Visual Studio 15
VisualStudioVersion = 15.0.26124.0
MinimumVisualStudioVersion = 15.0.26124.0
Project("{FAE04EC0-301F-11D3-BF4B-00C04F79EFBC}") = "Text", "Text\Text.csproj", "{BBEF7484-624A-4B6B-A1EF-BC8DFA8CBFF7}"
EndProject
Project("{FAE04EC0-301F-11D3-BF4B-00C04F79EFBC}") = "Text.Tests", "Text.Tests\Text.Tests.csproj", "{75DDBBD1-1B96-4CFE-A696-0C965CE8BC92}"
EndProject
Global
	GlobalSection(SolutionConfigurationPlatforms) = preSolution
		Debug|Any CPU = Debug|Any CPU
		Debug|x64 = Debug|x64
		Debug|x86 = Debug|x86
		Release|Any CPU = Release|Any CPU
		Release|x64 = Release|x64
		Release|x86 = Release|x86
	EndGlobalSection
	GlobalSection(SolutionProperties) = preSolution
		HideSolutionNode = FALSE
	EndGlobalSection
	GlobalSection(ProjectConfigurationPlatforms) = postSolution
		{BBEF7484-624A-4B6B-A1EF-BC8DFA8CBFF7}.Debug|Any CPU.ActiveCfg = Debug|Any CPU
		{BBEF7484-624A-4B6B-A1EF-BC8DFA8CBFF7}.Debug|Any CPU.Build.0 = Debug|Any CPU
		{BBEF7484-624A-4B6B-A1EF-BC8DFA8CBFF7}.Debug|x64.ActiveCfg = Debug|Any CPU
		{BBEF7484-624A-4B6B-A1EF-BC8DFA8CBFF7}.Debug|x64.Build.0 = Debug|Any CPU
		{BBEF7484-624A-4B6B-A1EF-BC8DFA8CBFF7}.Debug|x86.ActiveCfg = Debug|Any CPU
		{BBEF7484-624A-4B6B-A1EF-BC8DFA8CBFF7}.Debug|x86.Build.0 = Debug|Any CPU
		{BBEF7484-624A-4B6B-A1EF-BC8DFA8CBFF7}.Release|Any CPU.ActiveCfg = Release|Any CPU
		{BBEF7484-624A-4B6B-A1EF-BC8DFA8CBFF7}.Release|Any CPU.Build.0 = Release|Any CPU
		{BBEF7484-624A-4B6B-A1EF-BC8DFA8CBFF7}.Release|x64.ActiveCfg = Release|Any CPU
		{BBEF7484-624A-4B6B-A1EF-BC8DFA8CBFF7}.Release|x64.Build.0 = Release|Any CPU
		{BBEF7484-624A-4B6B-A1EF-BC8DFA8CBFF7}.Release|x86.ActiveCfg = Release|Any CPU
		{BBEF7484-624A-4B6B-A1EF-BC8DFA8CBFF7}.Release|x86.Build.0 = Release|Any CPU
		{75DDBBD1-1B96-4CFE-A696-0C965CE8BC92}.Debug|Any CPU.ActiveCfg = Debug|Any CPU
		{75DDBBD1-1B96-4CFE-A696-0C965CE8BC92}.Debug|Any CPU.Build.0 = Debug|Any CPU
		{75DDBBD1-1B96-4CFE-A696-0C965CE8BC92}.Debug|x64.ActiveCfg = Debug|Any CPU
		{75DDBBD1-1B96-4CFE-A696-0C965CE8BC92}.Debug|x64.Build.0 = Debug|Any CPU
		{75DDBBD1-1B96-4CFE-A696-0C965CE8BC92}.Debug|x86.ActiveCfg = Debug|Any CPU
		{75DDBBD1-1B96-4CFE-A696-0C965CE8BC92}.Debug|x86.Build.0 = Debug|Any CPU
		{75DDBBD1-1B96-4CFE-A696-0C965CE8BC92}.Release|Any CPU.ActiveCfg = Release|Any CPU
		{75DDBBD1-1B96-4CFE-A696-0C965CE8BC92}.Release|Any CPU.Build.0 = Release|Any CPU
		{75DDBBD1-1B96-4CFE-A696-0C965CE8BC92}.Release|x64.ActiveCfg = Release|Any CPU
		{75DDBBD1-1B96-4CFE-A696-0C965CE8BC92}.Release|x64.Build.0 = Release|Any CPU
		{75DDBBD1-1B96-4CFE-A696-0C965CE8BC92}.Release|x86.ActiveCfg = Release|Any CPU
		{75DDBBD1-1B96-4CFE-A696-0C965CE8BC92}.Release|x86.Build.0 = Release|Any CPU
	EndGlobalSection
EndGlobal
